
Microsoft Visual Studio Solution File, Format Version 12.00
# Visual Studio Version 17
VisualStudioVersion = 17.7.34031.279
MinimumVisualStudioVersion = 10.0.40219.1
Project("{9A19103F-16F7-4668-BE54-9A1E7A4F7556}") = "Measures", "measures\Measures.csproj", "{CD26F8DD-BE9D-4C73-8DCD-B80256C8C7BC}"
EndProject
Project("{9A19103F-16F7-4668-BE54-9A1E7A4F7556}") = "Measure.Domain", "Measure.Domain\Measure.Domain.csproj", "{51225770-376B-471E-922F-16EB838A9CF6}"
EndProject
Project("{FAE04EC0-301F-11D3-BF4B-00C04F79EFBC}") = "Measure.Infrastructure", "Measure.Infrastructure\Measure.Infrastructure.csproj", "{9E9E1BE9-268A-40D9-9364-B92C313B4EB2}"
EndProject
Global
	GlobalSection(SolutionConfigurationPlatforms) = preSolution
		Debug|Any CPU = Debug|Any CPU
		Release|Any CPU = Release|Any CPU
	EndGlobalSection
	GlobalSection(ProjectConfigurationPlatforms) = postSolution
		{CD26F8DD-BE9D-4C73-8DCD-B80256C8C7BC}.Debug|Any CPU.ActiveCfg = Debug|Any CPU
		{CD26F8DD-BE9D-4C73-8DCD-B80256C8C7BC}.Debug|Any CPU.Build.0 = Debug|Any CPU
		{CD26F8DD-BE9D-4C73-8DCD-B80256C8C7BC}.Release|Any CPU.ActiveCfg = Release|Any CPU
		{CD26F8DD-BE9D-4C73-8DCD-B80256C8C7BC}.Release|Any CPU.Build.0 = Release|Any CPU
		{51225770-376B-471E-922F-16EB838A9CF6}.Debug|Any CPU.ActiveCfg = Debug|Any CPU
		{51225770-376B-471E-922F-16EB838A9CF6}.Debug|Any CPU.Build.0 = Debug|Any CPU
		{51225770-376B-471E-922F-16EB838A9CF6}.Release|Any CPU.ActiveCfg = Release|Any CPU
		{51225770-376B-471E-922F-16EB838A9CF6}.Release|Any CPU.Build.0 = Release|Any CPU
		{9E9E1BE9-268A-40D9-9364-B92C313B4EB2}.Debug|Any CPU.ActiveCfg = Debug|Any CPU
		{9E9E1BE9-268A-40D9-9364-B92C313B4EB2}.Debug|Any CPU.Build.0 = Debug|Any CPU
		{9E9E1BE9-268A-40D9-9364-B92C313B4EB2}.Release|Any CPU.ActiveCfg = Release|Any CPU
		{9E9E1BE9-268A-40D9-9364-B92C313B4EB2}.Release|Any CPU.Build.0 = Release|Any CPU
	EndGlobalSection
	GlobalSection(SolutionProperties) = preSolution
		HideSolutionNode = FALSE
	EndGlobalSection
	GlobalSection(ExtensibilityGlobals) = postSolution
		SolutionGuid = {315DF553-A79A-445D-B381-E76415D4468D}
	EndGlobalSection
EndGlobal
